// !$*UTF8*$!
{
	archiveVersion = 1;
	classes = {
	};
	objectVersion = 77;
	objects = {

/* Begin PBXBuildFile section */
		BF8AE3954617081095A7204C /* Pods_WorkoutLog.framework in Frameworks */ = {isa = PBXBuildFile; fileRef = 5D855FC7B60A2E22A641F34F /* Pods_WorkoutLog.framework */; };
		C06AC81C2D9ED552005960FF /* HealthManager.swift in Sources */ = {isa = PBXBuildFile; fileRef = C06AC81B2D9ED54D005960FF /* HealthManager.swift */; };
		C06AC81E2DA01349005960FF /* StepDetailViewController.swift in Sources */ = {isa = PBXBuildFile; fileRef = C06AC81D2DA01340005960FF /* StepDetailViewController.swift */; };
		C06AC8212DA0CD13005960FF /* StepViewModel.swift in Sources */ = {isa = PBXBuildFile; fileRef = C06AC8202DA0CD07005960FF /* StepViewModel.swift */; };
		C06AC8242DA0F319005960FF /* RoutineCollectionViewCell.swift in Sources */ = {isa = PBXBuildFile; fileRef = C06AC8232DA0F307005960FF /* RoutineCollectionViewCell.swift */; };
		C0CD83002D981DE4002470D9 /* AppDelegate.swift in Sources */ = {isa = PBXBuildFile; fileRef = C0CD82F62D981DE4002470D9 /* AppDelegate.swift */; };
		C0CD83012D981DE4002470D9 /* SceneDelegate.swift in Sources */ = {isa = PBXBuildFile; fileRef = C0CD82FD2D981DE4002470D9 /* SceneDelegate.swift */; };
		C0CD83022D981DE4002470D9 /* ViewController.swift in Sources */ = {isa = PBXBuildFile; fileRef = C0CD82FE2D981DE4002470D9 /* ViewController.swift */; };
		C0CD83032D981DE4002470D9 /* Assets.xcassets in Resources */ = {isa = PBXBuildFile; fileRef = C0CD82F72D981DE4002470D9 /* Assets.xcassets */; };
		C0CD83052D981DE4002470D9 /* LaunchScreen.storyboard in Resources */ = {isa = PBXBuildFile; fileRef = C0CD82FA2D981DE4002470D9 /* LaunchScreen.storyboard */; };
		C0CD83062D981DE4002470D9 /* Main.storyboard in Resources */ = {isa = PBXBuildFile; fileRef = C0CD82FC2D981DE4002470D9 /* Main.storyboard */; };
		C0CD83082D981E82002470D9 /* Memo.swift in Sources */ = {isa = PBXBuildFile; fileRef = C0CD83072D981E7B002470D9 /* Memo.swift */; };
		C0CD830A2D981EA2002470D9 /* MemoManager.swift in Sources */ = {isa = PBXBuildFile; fileRef = C0CD83092D981E9E002470D9 /* MemoManager.swift */; };
		C0CD830C2D981F35002470D9 /* MemoDeatilViewController.swift in Sources */ = {isa = PBXBuildFile; fileRef = C0CD830B2D981F2A002470D9 /* MemoDeatilViewController.swift */; };
		C0CD830F2D982EB5002470D9 /* MyActivityViewController.swift in Sources */ = {isa = PBXBuildFile; fileRef = C0CD830E2D982EAF002470D9 /* MyActivityViewController.swift */; };
		C0CD83112D982ED3002470D9 /* ActivityViewModel.swift in Sources */ = {isa = PBXBuildFile; fileRef = C0CD83102D982ECE002470D9 /* ActivityViewModel.swift */; };
		C0CD83132D982EE3002470D9 /* Activity.swift in Sources */ = {isa = PBXBuildFile; fileRef = C0CD83122D982EDF002470D9 /* Activity.swift */; };
		C0CD83152D982EFC002470D9 /* Statistics.swift in Sources */ = {isa = PBXBuildFile; fileRef = C0CD83142D982EEE002470D9 /* Statistics.swift */; };
		C0CD83172D982F1C002470D9 /* StatisticsViewModel.swift in Sources */ = {isa = PBXBuildFile; fileRef = C0CD83162D982F0F002470D9 /* StatisticsViewModel.swift */; };
		C0CD83192D982F35002470D9 /* ActivityCollectionViewCell.swift in Sources */ = {isa = PBXBuildFile; fileRef = C0CD83182D982F2D002470D9 /* ActivityCollectionViewCell.swift */; };
		C0CD831B2D982F51002470D9 /* StatisticsViewController.swift in Sources */ = {isa = PBXBuildFile; fileRef = C0CD831A2D982F46002470D9 /* StatisticsViewController.swift */; };
		C0CD83212D9ADA3A002470D9 /* CircularProgressView.swift in Sources */ = {isa = PBXBuildFile; fileRef = C0CD83202D9ADA2B002470D9 /* CircularProgressView.swift */; };
		C0DCEF1B2D9ADDC300E7395F /* TabBarController.swift in Sources */ = {isa = PBXBuildFile; fileRef = C0DCEF1A2D9ADDBF00E7395F /* TabBarController.swift */; };
		C0F3CB5D2DA692CE00D3D6BF /* ExerciseCategory.swift in Sources */ = {isa = PBXBuildFile; fileRef = C0F3CB5C2DA692C300D3D6BF /* ExerciseCategory.swift */; };
		C0F3CB602DA6930900D3D6BF /* ExerciseSelectionViewController.swift in Sources */ = {isa = PBXBuildFile; fileRef = C0F3CB5F2DA692FF00D3D6BF /* ExerciseSelectionViewController.swift */; };
		C0F3CB632DAE8BE900D3D6BF /* WorkoutCalendarSummaryViewController.swift in Sources */ = {isa = PBXBuildFile; fileRef = C0F3CB622DAE8BDB00D3D6BF /* WorkoutCalendarSummaryViewController.swift */; };
		C0F3CB662DB2A3A100D3D6BF /* UIViewController+.swift in Sources */ = {isa = PBXBuildFile; fileRef = C0F3CB652DB2A39D00D3D6BF /* UIViewController+.swift */; };
		C0F3CB682DB3AF1700D3D6BF /* WorkoutCalendarSummaryViewModel.swift in Sources */ = {isa = PBXBuildFile; fileRef = C0F3CB672DB3AF0A00D3D6BF /* WorkoutCalendarSummaryViewModel.swift */; };
		C0F3CB6B2DB4ADF300D3D6BF /* WorkoutCell.swift in Sources */ = {isa = PBXBuildFile; fileRef = C0F3CB6A2DB4ADEF00D3D6BF /* WorkoutCell.swift */; };
		C0F594592DA552490015EA47 /* WeightWorkout.swift in Sources */ = {isa = PBXBuildFile; fileRef = C0F594582DA552400015EA47 /* WeightWorkout.swift */; };
		C0F5945B2DA552C90015EA47 /* WeightWorkoutViewModel.swift in Sources */ = {isa = PBXBuildFile; fileRef = C0F5945A2DA552C20015EA47 /* WeightWorkoutViewModel.swift */; };
		C0F5945D2DA553070015EA47 /* WeightWorkoutViewController.swift in Sources */ = {isa = PBXBuildFile; fileRef = C0F5945C2DA553020015EA47 /* WeightWorkoutViewController.swift */; };
		C0F5945F2DA55A2F0015EA47 /* WeightWorkoutInputView.swift in Sources */ = {isa = PBXBuildFile; fileRef = C0F5945E2DA55A2D0015EA47 /* WeightWorkoutInputView.swift */; };
/* End PBXBuildFile section */

/* Begin PBXFileReference section */
		1E442870D3627D10057D5624 /* Pods-WorkoutLog.debug.xcconfig */ = {isa = PBXFileReference; includeInIndex = 1; lastKnownFileType = text.xcconfig; name = "Pods-WorkoutLog.debug.xcconfig"; path = "Target Support Files/Pods-WorkoutLog/Pods-WorkoutLog.debug.xcconfig"; sourceTree = "<group>"; };
		5D855FC7B60A2E22A641F34F /* Pods_WorkoutLog.framework */ = {isa = PBXFileReference; explicitFileType = wrapper.framework; includeInIndex = 0; path = Pods_WorkoutLog.framework; sourceTree = BUILT_PRODUCTS_DIR; };
		C06AC8192D9ED396005960FF /* WorkoutLog.entitlements */ = {isa = PBXFileReference; lastKnownFileType = text.plist.entitlements; path = WorkoutLog.entitlements; sourceTree = "<group>"; };
		C06AC81B2D9ED54D005960FF /* HealthManager.swift */ = {isa = PBXFileReference; lastKnownFileType = sourcecode.swift; path = HealthManager.swift; sourceTree = "<group>"; };
		C06AC81D2DA01340005960FF /* StepDetailViewController.swift */ = {isa = PBXFileReference; lastKnownFileType = sourcecode.swift; path = StepDetailViewController.swift; sourceTree = "<group>"; };
		C06AC8202DA0CD07005960FF /* StepViewModel.swift */ = {isa = PBXFileReference; lastKnownFileType = sourcecode.swift; path = StepViewModel.swift; sourceTree = "<group>"; };
		C06AC8232DA0F307005960FF /* RoutineCollectionViewCell.swift */ = {isa = PBXFileReference; lastKnownFileType = sourcecode.swift; path = RoutineCollectionViewCell.swift; sourceTree = "<group>"; };
		C0CD82DE2D981DDD002470D9 /* WorkoutLog.app */ = {isa = PBXFileReference; explicitFileType = wrapper.application; includeInIndex = 0; path = WorkoutLog.app; sourceTree = BUILT_PRODUCTS_DIR; };
		C0CD82F62D981DE4002470D9 /* AppDelegate.swift */ = {isa = PBXFileReference; lastKnownFileType = sourcecode.swift; path = AppDelegate.swift; sourceTree = "<group>"; };
		C0CD82F72D981DE4002470D9 /* Assets.xcassets */ = {isa = PBXFileReference; lastKnownFileType = folder.assetcatalog; path = Assets.xcassets; sourceTree = "<group>"; };
		C0CD82F82D981DE4002470D9 /* Info.plist */ = {isa = PBXFileReference; lastKnownFileType = text.plist.xml; path = Info.plist; sourceTree = "<group>"; };
		C0CD82F92D981DE4002470D9 /* Base */ = {isa = PBXFileReference; lastKnownFileType = file.storyboard; name = Base; path = Base.lproj/LaunchScreen.storyboard; sourceTree = "<group>"; };
		C0CD82FB2D981DE4002470D9 /* Base */ = {isa = PBXFileReference; lastKnownFileType = file.storyboard; name = Base; path = Base.lproj/Main.storyboard; sourceTree = "<group>"; };
		C0CD82FD2D981DE4002470D9 /* SceneDelegate.swift */ = {isa = PBXFileReference; lastKnownFileType = sourcecode.swift; path = SceneDelegate.swift; sourceTree = "<group>"; };
		C0CD82FE2D981DE4002470D9 /* ViewController.swift */ = {isa = PBXFileReference; lastKnownFileType = sourcecode.swift; path = ViewController.swift; sourceTree = "<group>"; };
		C0CD83072D981E7B002470D9 /* Memo.swift */ = {isa = PBXFileReference; lastKnownFileType = sourcecode.swift; path = Memo.swift; sourceTree = "<group>"; };
		C0CD83092D981E9E002470D9 /* MemoManager.swift */ = {isa = PBXFileReference; lastKnownFileType = sourcecode.swift; path = MemoManager.swift; sourceTree = "<group>"; };
		C0CD830B2D981F2A002470D9 /* MemoDeatilViewController.swift */ = {isa = PBXFileReference; lastKnownFileType = sourcecode.swift; path = MemoDeatilViewController.swift; sourceTree = "<group>"; };
		C0CD830E2D982EAF002470D9 /* MyActivityViewController.swift */ = {isa = PBXFileReference; lastKnownFileType = sourcecode.swift; path = MyActivityViewController.swift; sourceTree = "<group>"; };
		C0CD83102D982ECE002470D9 /* ActivityViewModel.swift */ = {isa = PBXFileReference; lastKnownFileType = sourcecode.swift; path = ActivityViewModel.swift; sourceTree = "<group>"; };
		C0CD83122D982EDF002470D9 /* Activity.swift */ = {isa = PBXFileReference; lastKnownFileType = sourcecode.swift; path = Activity.swift; sourceTree = "<group>"; };
		C0CD83142D982EEE002470D9 /* Statistics.swift */ = {isa = PBXFileReference; lastKnownFileType = sourcecode.swift; path = Statistics.swift; sourceTree = "<group>"; };
		C0CD83162D982F0F002470D9 /* StatisticsViewModel.swift */ = {isa = PBXFileReference; lastKnownFileType = sourcecode.swift; path = StatisticsViewModel.swift; sourceTree = "<group>"; };
		C0CD83182D982F2D002470D9 /* ActivityCollectionViewCell.swift */ = {isa = PBXFileReference; lastKnownFileType = sourcecode.swift; path = ActivityCollectionViewCell.swift; sourceTree = "<group>"; };
		C0CD831A2D982F46002470D9 /* StatisticsViewController.swift */ = {isa = PBXFileReference; lastKnownFileType = sourcecode.swift; path = StatisticsViewController.swift; sourceTree = "<group>"; };
		C0CD83202D9ADA2B002470D9 /* CircularProgressView.swift */ = {isa = PBXFileReference; lastKnownFileType = sourcecode.swift; path = CircularProgressView.swift; sourceTree = "<group>"; };
		C0DCEF1A2D9ADDBF00E7395F /* TabBarController.swift */ = {isa = PBXFileReference; lastKnownFileType = sourcecode.swift; path = TabBarController.swift; sourceTree = "<group>"; };
		C0F3CB5C2DA692C300D3D6BF /* ExerciseCategory.swift */ = {isa = PBXFileReference; lastKnownFileType = sourcecode.swift; path = ExerciseCategory.swift; sourceTree = "<group>"; };
		C0F3CB5F2DA692FF00D3D6BF /* ExerciseSelectionViewController.swift */ = {isa = PBXFileReference; lastKnownFileType = sourcecode.swift; path = ExerciseSelectionViewController.swift; sourceTree = "<group>"; };
		C0F3CB622DAE8BDB00D3D6BF /* WorkoutCalendarSummaryViewController.swift */ = {isa = PBXFileReference; lastKnownFileType = sourcecode.swift; path = WorkoutCalendarSummaryViewController.swift; sourceTree = "<group>"; };
		C0F3CB652DB2A39D00D3D6BF /* UIViewController+.swift */ = {isa = PBXFileReference; lastKnownFileType = sourcecode.swift; path = "UIViewController+.swift"; sourceTree = "<group>"; };
		C0F3CB672DB3AF0A00D3D6BF /* WorkoutCalendarSummaryViewModel.swift */ = {isa = PBXFileReference; lastKnownFileType = sourcecode.swift; path = WorkoutCalendarSummaryViewModel.swift; sourceTree = "<group>"; };
		C0F3CB6A2DB4ADEF00D3D6BF /* WorkoutCell.swift */ = {isa = PBXFileReference; lastKnownFileType = sourcecode.swift; path = WorkoutCell.swift; sourceTree = "<group>"; };
		C0F594582DA552400015EA47 /* WeightWorkout.swift */ = {isa = PBXFileReference; lastKnownFileType = sourcecode.swift; path = WeightWorkout.swift; sourceTree = "<group>"; };
		C0F5945A2DA552C20015EA47 /* WeightWorkoutViewModel.swift */ = {isa = PBXFileReference; lastKnownFileType = sourcecode.swift; path = WeightWorkoutViewModel.swift; sourceTree = "<group>"; };
		C0F5945C2DA553020015EA47 /* WeightWorkoutViewController.swift */ = {isa = PBXFileReference; lastKnownFileType = sourcecode.swift; path = WeightWorkoutViewController.swift; sourceTree = "<group>"; };
		C0F5945E2DA55A2D0015EA47 /* WeightWorkoutInputView.swift */ = {isa = PBXFileReference; lastKnownFileType = sourcecode.swift; path = WeightWorkoutInputView.swift; sourceTree = "<group>"; };
		E2EB9DA0062C1A4D47538DFD /* Pods-WorkoutLog.release.xcconfig */ = {isa = PBXFileReference; includeInIndex = 1; lastKnownFileType = text.xcconfig; name = "Pods-WorkoutLog.release.xcconfig"; path = "Target Support Files/Pods-WorkoutLog/Pods-WorkoutLog.release.xcconfig"; sourceTree = "<group>"; };
/* End PBXFileReference section */

/* Begin PBXFrameworksBuildPhase section */
		C0CD82DB2D981DDD002470D9 /* Frameworks */ = {
			isa = PBXFrameworksBuildPhase;
			buildActionMask = 2147483647;
			files = (
				BF8AE3954617081095A7204C /* Pods_WorkoutLog.framework in Frameworks */,
			);
			runOnlyForDeploymentPostprocessing = 0;
		};
/* End PBXFrameworksBuildPhase section */

/* Begin PBXGroup section */
		19C801BD5687A6C1DFDB2B7E /* Pods */ = {
			isa = PBXGroup;
			children = (
				1E442870D3627D10057D5624 /* Pods-WorkoutLog.debug.xcconfig */,
				E2EB9DA0062C1A4D47538DFD /* Pods-WorkoutLog.release.xcconfig */,
			);
			path = Pods;
			sourceTree = "<group>";
		};
		43AD3FCFD16FEEB44A06C354 /* Frameworks */ = {
			isa = PBXGroup;
			children = (
				5D855FC7B60A2E22A641F34F /* Pods_WorkoutLog.framework */,
			);
			name = Frameworks;
			sourceTree = "<group>";
		};
		C06AC81A2D9ED536005960FF /* Manager */ = {
			isa = PBXGroup;
			children = (
				C06AC81B2D9ED54D005960FF /* HealthManager.swift */,
			);
			path = Manager;
			sourceTree = "<group>";
		};
		C06AC81F2DA03ED9005960FF /* Step */ = {
			isa = PBXGroup;
			children = (
				C06AC8202DA0CD07005960FF /* StepViewModel.swift */,
				C06AC81D2DA01340005960FF /* StepDetailViewController.swift */,
			);
			path = Step;
			sourceTree = "<group>";
		};
		C06AC8222DA0F2FF005960FF /* Cell */ = {
			isa = PBXGroup;
			children = (
				C06AC8232DA0F307005960FF /* RoutineCollectionViewCell.swift */,
				C0CD83182D982F2D002470D9 /* ActivityCollectionViewCell.swift */,
			);
			path = Cell;
			sourceTree = "<group>";
		};
		C0CD82D52D981DDD002470D9 = {
			isa = PBXGroup;
			children = (
				C0CD82FF2D981DE4002470D9 /* WorkoutLog */,
				C0CD82DF2D981DDD002470D9 /* Products */,
				19C801BD5687A6C1DFDB2B7E /* Pods */,
				43AD3FCFD16FEEB44A06C354 /* Frameworks */,
			);
			sourceTree = "<group>";
		};
		C0CD82DF2D981DDD002470D9 /* Products */ = {
			isa = PBXGroup;
			children = (
				C0CD82DE2D981DDD002470D9 /* WorkoutLog.app */,
			);
			name = Products;
			sourceTree = "<group>";
		};
		C0CD82FF2D981DE4002470D9 /* WorkoutLog */ = {
			isa = PBXGroup;
			children = (
				C0F3CB642DB2A39600D3D6BF /* Extensions */,
				C06AC81A2D9ED536005960FF /* Manager */,
				C06AC8192D9ED396005960FF /* WorkoutLog.entitlements */,
				C0CD831F2D9ADA24002470D9 /* Components */,
				C0CD831E2D9ACF4A002470D9 /* Model */,
				C0CD831C2D9ACF31002470D9 /* Feature */,
				C0CD831A2D982F46002470D9 /* StatisticsViewController.swift */,
				C0CD83162D982F0F002470D9 /* StatisticsViewModel.swift */,
				C0CD830D2D982E8F002470D9 /* Memo */,
				C0CD82F62D981DE4002470D9 /* AppDelegate.swift */,
				C0CD82FD2D981DE4002470D9 /* SceneDelegate.swift */,
				C0CD82F72D981DE4002470D9 /* Assets.xcassets */,
				C0CD82F82D981DE4002470D9 /* Info.plist */,
				C0CD82FA2D981DE4002470D9 /* LaunchScreen.storyboard */,
				C0CD82FC2D981DE4002470D9 /* Main.storyboard */,
			);
			path = WorkoutLog;
			sourceTree = "<group>";
		};
		C0CD830D2D982E8F002470D9 /* Memo */ = {
			isa = PBXGroup;
			children = (
				C0CD83092D981E9E002470D9 /* MemoManager.swift */,
				C0CD83072D981E7B002470D9 /* Memo.swift */,
				C0CD830B2D981F2A002470D9 /* MemoDeatilViewController.swift */,
				C0CD82FE2D981DE4002470D9 /* ViewController.swift */,
			);
			path = Memo;
			sourceTree = "<group>";
		};
		C0CD831C2D9ACF31002470D9 /* Feature */ = {
			isa = PBXGroup;
			children = (
				C0DCEF192D9ADDB600E7395F /* Tab */,
				C0F3CB612DAE8BCD00D3D6BF /* CalendarSummary */,
				C0F594572DA551E80015EA47 /* WeightWorkout */,
				C0CD831D2D9ACF3B002470D9 /* Activity */,
			);
			path = Feature;
			sourceTree = "<group>";
		};
		C0CD831D2D9ACF3B002470D9 /* Activity */ = {
			isa = PBXGroup;
			children = (
				C06AC8222DA0F2FF005960FF /* Cell */,
				C0CD83102D982ECE002470D9 /* ActivityViewModel.swift */,
				C0CD830E2D982EAF002470D9 /* MyActivityViewController.swift */,
				C06AC81F2DA03ED9005960FF /* Step */,
			);
			path = Activity;
			sourceTree = "<group>";
		};
		C0CD831E2D9ACF4A002470D9 /* Model */ = {
			isa = PBXGroup;
			children = (
				C0F3CB5C2DA692C300D3D6BF /* ExerciseCategory.swift */,
				C0CD83122D982EDF002470D9 /* Activity.swift */,
				C0CD83142D982EEE002470D9 /* Statistics.swift */,
			);
			path = Model;
			sourceTree = "<group>";
		};
		C0CD831F2D9ADA24002470D9 /* Components */ = {
			isa = PBXGroup;
			children = (
				C0CD83202D9ADA2B002470D9 /* CircularProgressView.swift */,
			);
			path = Components;
			sourceTree = "<group>";
		};
		C0DCEF192D9ADDB600E7395F /* Tab */ = {
			isa = PBXGroup;
			children = (
				C0DCEF1A2D9ADDBF00E7395F /* TabBarController.swift */,
			);
			path = Tab;
			sourceTree = "<group>";
		};
		C0F3CB5E2DA692EC00D3D6BF /* ExerciseSelection */ = {
			isa = PBXGroup;
			children = (
				C0F3CB5F2DA692FF00D3D6BF /* ExerciseSelectionViewController.swift */,
			);
			path = ExerciseSelection;
			sourceTree = "<group>";
		};
		C0F3CB612DAE8BCD00D3D6BF /* CalendarSummary */ = {
			isa = PBXGroup;
			children = (
				C0F3CB622DAE8BDB00D3D6BF /* WorkoutCalendarSummaryViewController.swift */,
				C0F3CB672DB3AF0A00D3D6BF /* WorkoutCalendarSummaryViewModel.swift */,
			);
			path = CalendarSummary;
			sourceTree = "<group>";
		};
		C0F3CB642DB2A39600D3D6BF /* Extensions */ = {
			isa = PBXGroup;
			children = (
				C0F3CB652DB2A39D00D3D6BF /* UIViewController+.swift */,
			);
			path = Extensions;
			sourceTree = "<group>";
		};
		C0F3CB692DB4ADE900D3D6BF /* Cell */ = {
			isa = PBXGroup;
			children = (
				C0F3CB6A2DB4ADEF00D3D6BF /* WorkoutCell.swift */,
			);
			path = Cell;
			sourceTree = "<group>";
		};
		C0F594572DA551E80015EA47 /* WeightWorkout */ = {
			isa = PBXGroup;
			children = (
				C0F3CB692DB4ADE900D3D6BF /* Cell */,
				C0F3CB5E2DA692EC00D3D6BF /* ExerciseSelection */,
				C0F5945E2DA55A2D0015EA47 /* WeightWorkoutInputView.swift */,
				C0F5945C2DA553020015EA47 /* WeightWorkoutViewController.swift */,
				C0F5945A2DA552C20015EA47 /* WeightWorkoutViewModel.swift */,
				C0F594582DA552400015EA47 /* WeightWorkout.swift */,
			);
			path = WeightWorkout;
			sourceTree = "<group>";
		};
/* End PBXGroup section */

/* Begin PBXNativeTarget section */
		C0CD82DD2D981DDD002470D9 /* WorkoutLog */ = {
			isa = PBXNativeTarget;
			buildConfigurationList = C0CD82F12D981DDF002470D9 /* Build configuration list for PBXNativeTarget "WorkoutLog" */;
			buildPhases = (
				C19A25598E4F3A7EEB43FE32 /* [CP] Check Pods Manifest.lock */,
				C0CD82DA2D981DDD002470D9 /* Sources */,
				C0CD82DB2D981DDD002470D9 /* Frameworks */,
				C0CD82DC2D981DDD002470D9 /* Resources */,
				86981C9E7E22948873D2D350 /* [CP] Embed Pods Frameworks */,
			);
			buildRules = (
			);
			dependencies = (
			);
			name = WorkoutLog;
			productName = WorkoutLog;
			productReference = C0CD82DE2D981DDD002470D9 /* WorkoutLog.app */;
			productType = "com.apple.product-type.application";
		};
/* End PBXNativeTarget section */

/* Begin PBXProject section */
		C0CD82D62D981DDD002470D9 /* Project object */ = {
			isa = PBXProject;
			attributes = {
				BuildIndependentTargetsInParallel = 1;
				LastSwiftUpdateCheck = 1620;
				LastUpgradeCheck = 1620;
				TargetAttributes = {
					C0CD82DD2D981DDD002470D9 = {
						CreatedOnToolsVersion = 16.2;
					};
				};
			};
			buildConfigurationList = C0CD82D92D981DDD002470D9 /* Build configuration list for PBXProject "WorkoutLog" */;
			developmentRegion = en;
			hasScannedForEncodings = 0;
			knownRegions = (
				en,
				Base,
			);
			mainGroup = C0CD82D52D981DDD002470D9;
			minimizedProjectReferenceProxies = 1;
			preferredProjectObjectVersion = 77;
			productRefGroup = C0CD82DF2D981DDD002470D9 /* Products */;
			projectDirPath = "";
			projectRoot = "";
			targets = (
				C0CD82DD2D981DDD002470D9 /* WorkoutLog */,
			);
		};
/* End PBXProject section */

/* Begin PBXResourcesBuildPhase section */
		C0CD82DC2D981DDD002470D9 /* Resources */ = {
			isa = PBXResourcesBuildPhase;
			buildActionMask = 2147483647;
			files = (
				C0CD83032D981DE4002470D9 /* Assets.xcassets in Resources */,
				C0CD83052D981DE4002470D9 /* LaunchScreen.storyboard in Resources */,
				C0CD83062D981DE4002470D9 /* Main.storyboard in Resources */,
			);
			runOnlyForDeploymentPostprocessing = 0;
		};
/* End PBXResourcesBuildPhase section */

/* Begin PBXShellScriptBuildPhase section */
		86981C9E7E22948873D2D350 /* [CP] Embed Pods Frameworks */ = {
			isa = PBXShellScriptBuildPhase;
			buildActionMask = 2147483647;
			files = (
			);
			inputFileListPaths = (
				"${PODS_ROOT}/Target Support Files/Pods-WorkoutLog/Pods-WorkoutLog-frameworks-${CONFIGURATION}-input-files.xcfilelist",
			);
			inputPaths = (
			);
			name = "[CP] Embed Pods Frameworks";
			outputFileListPaths = (
				"${PODS_ROOT}/Target Support Files/Pods-WorkoutLog/Pods-WorkoutLog-frameworks-${CONFIGURATION}-output-files.xcfilelist",
			);
			outputPaths = (
			);
			runOnlyForDeploymentPostprocessing = 0;
			shellPath = /bin/sh;
			shellScript = "\"${PODS_ROOT}/Target Support Files/Pods-WorkoutLog/Pods-WorkoutLog-frameworks.sh\"\n";
			showEnvVarsInLog = 0;
		};
		C19A25598E4F3A7EEB43FE32 /* [CP] Check Pods Manifest.lock */ = {
			isa = PBXShellScriptBuildPhase;
			buildActionMask = 2147483647;
			files = (
			);
			inputFileListPaths = (
			);
			inputPaths = (
				"${PODS_PODFILE_DIR_PATH}/Podfile.lock",
				"${PODS_ROOT}/Manifest.lock",
			);
			name = "[CP] Check Pods Manifest.lock";
			outputFileListPaths = (
			);
			outputPaths = (
				"$(DERIVED_FILE_DIR)/Pods-WorkoutLog-checkManifestLockResult.txt",
			);
			runOnlyForDeploymentPostprocessing = 0;
			shellPath = /bin/sh;
			shellScript = "diff \"${PODS_PODFILE_DIR_PATH}/Podfile.lock\" \"${PODS_ROOT}/Manifest.lock\" > /dev/null\nif [ $? != 0 ] ; then\n    # print error to STDERR\n    echo \"error: The sandbox is not in sync with the Podfile.lock. Run 'pod install' or update your CocoaPods installation.\" >&2\n    exit 1\nfi\n# This output is used by Xcode 'outputs' to avoid re-running this script phase.\necho \"SUCCESS\" > \"${SCRIPT_OUTPUT_FILE_0}\"\n";
			showEnvVarsInLog = 0;
		};
/* End PBXShellScriptBuildPhase section */

/* Begin PBXSourcesBuildPhase section */
		C0CD82DA2D981DDD002470D9 /* Sources */ = {
			isa = PBXSourcesBuildPhase;
			buildActionMask = 2147483647;
			files = (
				C06AC8212DA0CD13005960FF /* StepViewModel.swift in Sources */,
				C0CD83002D981DE4002470D9 /* AppDelegate.swift in Sources */,
				C0CD83012D981DE4002470D9 /* SceneDelegate.swift in Sources */,
				C0CD83192D982F35002470D9 /* ActivityCollectionViewCell.swift in Sources */,
				C0DCEF1B2D9ADDC300E7395F /* TabBarController.swift in Sources */,
				C0F3CB662DB2A3A100D3D6BF /* UIViewController+.swift in Sources */,
				C0CD83022D981DE4002470D9 /* ViewController.swift in Sources */,
				C0CD83112D982ED3002470D9 /* ActivityViewModel.swift in Sources */,
				C0F3CB5D2DA692CE00D3D6BF /* ExerciseCategory.swift in Sources */,
				C0CD83172D982F1C002470D9 /* StatisticsViewModel.swift in Sources */,
				C0F3CB6B2DB4ADF300D3D6BF /* WorkoutCell.swift in Sources */,
				C06AC81E2DA01349005960FF /* StepDetailViewController.swift in Sources */,
				C0CD830C2D981F35002470D9 /* MemoDeatilViewController.swift in Sources */,
				C0F3CB602DA6930900D3D6BF /* ExerciseSelectionViewController.swift in Sources */,
				C06AC8242DA0F319005960FF /* RoutineCollectionViewCell.swift in Sources */,
				C0F5945F2DA55A2F0015EA47 /* WeightWorkoutInputView.swift in Sources */,
				C0CD830F2D982EB5002470D9 /* MyActivityViewController.swift in Sources */,
				C0F3CB632DAE8BE900D3D6BF /* WorkoutCalendarSummaryViewController.swift in Sources */,
				C0F5945B2DA552C90015EA47 /* WeightWorkoutViewModel.swift in Sources */,
				C0CD83132D982EE3002470D9 /* Activity.swift in Sources */,
				C0F594592DA552490015EA47 /* WeightWorkout.swift in Sources */,
				C0CD83082D981E82002470D9 /* Memo.swift in Sources */,
				C0CD83212D9ADA3A002470D9 /* CircularProgressView.swift in Sources */,
				C0CD83152D982EFC002470D9 /* Statistics.swift in Sources */,
				C0F3CB682DB3AF1700D3D6BF /* WorkoutCalendarSummaryViewModel.swift in Sources */,
				C0CD830A2D981EA2002470D9 /* MemoManager.swift in Sources */,
				C0CD831B2D982F51002470D9 /* StatisticsViewController.swift in Sources */,
				C06AC81C2D9ED552005960FF /* HealthManager.swift in Sources */,
				C0F5945D2DA553070015EA47 /* WeightWorkoutViewController.swift in Sources */,
			);
			runOnlyForDeploymentPostprocessing = 0;
		};
/* End PBXSourcesBuildPhase section */

/* Begin PBXVariantGroup section */
		C0CD82FA2D981DE4002470D9 /* LaunchScreen.storyboard */ = {
			isa = PBXVariantGroup;
			children = (
				C0CD82F92D981DE4002470D9 /* Base */,
			);
			name = LaunchScreen.storyboard;
			sourceTree = "<group>";
		};
		C0CD82FC2D981DE4002470D9 /* Main.storyboard */ = {
			isa = PBXVariantGroup;
			children = (
				C0CD82FB2D981DE4002470D9 /* Base */,
			);
			name = Main.storyboard;
			sourceTree = "<group>";
		};
/* End PBXVariantGroup section */

/* Begin XCBuildConfiguration section */
		C0CD82F22D981DDF002470D9 /* Debug */ = {
			isa = XCBuildConfiguration;
			baseConfigurationReference = 1E442870D3627D10057D5624 /* Pods-WorkoutLog.debug.xcconfig */;
			buildSettings = {
				ASSETCATALOG_COMPILER_APPICON_NAME = AppIcon;
				ASSETCATALOG_COMPILER_GLOBAL_ACCENT_COLOR_NAME = AccentColor;
				CODE_SIGN_ENTITLEMENTS = WorkoutLog/WorkoutLog.entitlements;
				CODE_SIGN_STYLE = Automatic;
				CURRENT_PROJECT_VERSION = 1;
				DEVELOPMENT_TEAM = 6NDM2TJS37;
				ENABLE_USER_SCRIPT_SANDBOXING = NO;
				GENERATE_INFOPLIST_FILE = YES;
				INFOPLIST_FILE = WorkoutLog/Info.plist;
				INFOPLIST_KEY_NSHealthShareUsageDescription = "some string value stating the reason";
				INFOPLIST_KEY_NSHealthUpdateUsageDescription = "some string value stating the reason";
				INFOPLIST_KEY_UIApplicationSupportsIndirectInputEvents = YES;
				INFOPLIST_KEY_UILaunchStoryboardName = LaunchScreen;
				INFOPLIST_KEY_UIMainStoryboardFile = "";
				INFOPLIST_KEY_UIStatusBarStyle = "";
				INFOPLIST_KEY_UISupportedInterfaceOrientations_iPad = "UIInterfaceOrientationPortrait UIInterfaceOrientationPortraitUpsideDown UIInterfaceOrientationLandscapeLeft UIInterfaceOrientationLandscapeRight";
				INFOPLIST_KEY_UISupportedInterfaceOrientations_iPhone = "UIInterfaceOrientationPortrait UIInterfaceOrientationLandscapeLeft UIInterfaceOrientationLandscapeRight";
				LD_RUNPATH_SEARCH_PATHS = (
					"$(inherited)",
					"@executable_path/Frameworks",
				);
				MARKETING_VERSION = 1.0;
				PRODUCT_BUNDLE_IDENTIFIER = co.kr.jiyongppark.WorkoutLog;
				PRODUCT_NAME = "$(TARGET_NAME)";
				SWIFT_EMIT_LOC_STRINGS = YES;
				SWIFT_VERSION = 5.0;
				TARGETED_DEVICE_FAMILY = "1,2";
			};
			name = Debug;
		};
		C0CD82F32D981DDF002470D9 /* Release */ = {
			isa = XCBuildConfiguration;
			baseConfigurationReference = E2EB9DA0062C1A4D47538DFD /* Pods-WorkoutLog.release.xcconfig */;
			buildSettings = {
				ASSETCATALOG_COMPILER_APPICON_NAME = AppIcon;
				ASSETCATALOG_COMPILER_GLOBAL_ACCENT_COLOR_NAME = AccentColor;
				CODE_SIGN_ENTITLEMENTS = WorkoutLog/WorkoutLog.entitlements;
				CODE_SIGN_STYLE = Automatic;
				CURRENT_PROJECT_VERSION = 1;
				DEVELOPMENT_TEAM = 6NDM2TJS37;
				ENABLE_USER_SCRIPT_SANDBOXING = NO;
				GENERATE_INFOPLIST_FILE = YES;
				INFOPLIST_FILE = WorkoutLog/Info.plist;
				INFOPLIST_KEY_NSHealthShareUsageDescription = "some string value stating the reason";
				INFOPLIST_KEY_NSHealthUpdateUsageDescription = "some string value stating the reason";
				INFOPLIST_KEY_UIApplicationSupportsIndirectInputEvents = YES;
				INFOPLIST_KEY_UILaunchStoryboardName = LaunchScreen;
				INFOPLIST_KEY_UIMainStoryboardFile = "";
				INFOPLIST_KEY_UIStatusBarStyle = "";
				INFOPLIST_KEY_UISupportedInterfaceOrientations_iPad = "UIInterfaceOrientationPortrait UIInterfaceOrientationPortraitUpsideDown UIInterfaceOrientationLandscapeLeft UIInterfaceOrientationLandscapeRight";
				INFOPLIST_KEY_UISupportedInterfaceOrientations_iPhone = "UIInterfaceOrientationPortrait UIInterfaceOrientationLandscapeLeft UIInterfaceOrientationLandscapeRight";
				LD_RUNPATH_SEARCH_PATHS = (
					"$(inherited)",
					"@executable_path/Frameworks",
				);
				MARKETING_VERSION = 1.0;
				PRODUCT_BUNDLE_IDENTIFIER = co.kr.jiyongppark.WorkoutLog;
				PRODUCT_NAME = "$(TARGET_NAME)";
				SWIFT_EMIT_LOC_STRINGS = YES;
				SWIFT_VERSION = 5.0;
				TARGETED_DEVICE_FAMILY = "1,2";
			};
			name = Release;
		};
		C0CD82F42D981DDF002470D9 /* Debug */ = {
			isa = XCBuildConfiguration;
			buildSettings = {
				ALWAYS_SEARCH_USER_PATHS = NO;
				ASSETCATALOG_COMPILER_GENERATE_SWIFT_ASSET_SYMBOL_EXTENSIONS = YES;
				CLANG_ANALYZER_NONNULL = YES;
				CLANG_ANALYZER_NUMBER_OBJECT_CONVERSION = YES_AGGRESSIVE;
				CLANG_CXX_LANGUAGE_STANDARD = "gnu++20";
				CLANG_ENABLE_MODULES = YES;
				CLANG_ENABLE_OBJC_ARC = YES;
				CLANG_ENABLE_OBJC_WEAK = YES;
				CLANG_WARN_BLOCK_CAPTURE_AUTORELEASING = YES;
				CLANG_WARN_BOOL_CONVERSION = YES;
				CLANG_WARN_COMMA = YES;
				CLANG_WARN_CONSTANT_CONVERSION = YES;
				CLANG_WARN_DEPRECATED_OBJC_IMPLEMENTATIONS = YES;
				CLANG_WARN_DIRECT_OBJC_ISA_USAGE = YES_ERROR;
				CLANG_WARN_DOCUMENTATION_COMMENTS = YES;
				CLANG_WARN_EMPTY_BODY = YES;
				CLANG_WARN_ENUM_CONVERSION = YES;
				CLANG_WARN_INFINITE_RECURSION = YES;
				CLANG_WARN_INT_CONVERSION = YES;
				CLANG_WARN_NON_LITERAL_NULL_CONVERSION = YES;
				CLANG_WARN_OBJC_IMPLICIT_RETAIN_SELF = YES;
				CLANG_WARN_OBJC_LITERAL_CONVERSION = YES;
				CLANG_WARN_OBJC_ROOT_CLASS = YES_ERROR;
				CLANG_WARN_QUOTED_INCLUDE_IN_FRAMEWORK_HEADER = YES;
				CLANG_WARN_RANGE_LOOP_ANALYSIS = YES;
				CLANG_WARN_STRICT_PROTOTYPES = YES;
				CLANG_WARN_SUSPICIOUS_MOVE = YES;
				CLANG_WARN_UNGUARDED_AVAILABILITY = YES_AGGRESSIVE;
				CLANG_WARN_UNREACHABLE_CODE = YES;
				CLANG_WARN__DUPLICATE_METHOD_MATCH = YES;
				COPY_PHASE_STRIP = NO;
				DEBUG_INFORMATION_FORMAT = dwarf;
				ENABLE_STRICT_OBJC_MSGSEND = YES;
				ENABLE_TESTABILITY = YES;
				ENABLE_USER_SCRIPT_SANDBOXING = YES;
				GCC_C_LANGUAGE_STANDARD = gnu17;
				GCC_DYNAMIC_NO_PIC = NO;
				GCC_NO_COMMON_BLOCKS = YES;
				GCC_OPTIMIZATION_LEVEL = 0;
				GCC_PREPROCESSOR_DEFINITIONS = (
					"DEBUG=1",
					"$(inherited)",
				);
				GCC_WARN_64_TO_32_BIT_CONVERSION = YES;
				GCC_WARN_ABOUT_RETURN_TYPE = YES_ERROR;
				GCC_WARN_UNDECLARED_SELECTOR = YES;
				GCC_WARN_UNINITIALIZED_AUTOS = YES_AGGRESSIVE;
				GCC_WARN_UNUSED_FUNCTION = YES;
				GCC_WARN_UNUSED_VARIABLE = YES;
				IPHONEOS_DEPLOYMENT_TARGET = 18.2;
				LOCALIZATION_PREFERS_STRING_CATALOGS = YES;
				MTL_ENABLE_DEBUG_INFO = INCLUDE_SOURCE;
				MTL_FAST_MATH = YES;
				ONLY_ACTIVE_ARCH = YES;
				SDKROOT = iphoneos;
				SWIFT_ACTIVE_COMPILATION_CONDITIONS = "DEBUG $(inherited)";
				SWIFT_OPTIMIZATION_LEVEL = "-Onone";
			};
			name = Debug;
		};
		C0CD82F52D981DDF002470D9 /* Release */ = {
			isa = XCBuildConfiguration;
			buildSettings = {
				ALWAYS_SEARCH_USER_PATHS = NO;
				ASSETCATALOG_COMPILER_GENERATE_SWIFT_ASSET_SYMBOL_EXTENSIONS = YES;
				CLANG_ANALYZER_NONNULL = YES;
				CLANG_ANALYZER_NUMBER_OBJECT_CONVERSION = YES_AGGRESSIVE;
				CLANG_CXX_LANGUAGE_STANDARD = "gnu++20";
				CLANG_ENABLE_MODULES = YES;
				CLANG_ENABLE_OBJC_ARC = YES;
				CLANG_ENABLE_OBJC_WEAK = YES;
				CLANG_WARN_BLOCK_CAPTURE_AUTORELEASING = YES;
				CLANG_WARN_BOOL_CONVERSION = YES;
				CLANG_WARN_COMMA = YES;
				CLANG_WARN_CONSTANT_CONVERSION = YES;
				CLANG_WARN_DEPRECATED_OBJC_IMPLEMENTATIONS = YES;
				CLANG_WARN_DIRECT_OBJC_ISA_USAGE = YES_ERROR;
				CLANG_WARN_DOCUMENTATION_COMMENTS = YES;
				CLANG_WARN_EMPTY_BODY = YES;
				CLANG_WARN_ENUM_CONVERSION = YES;
				CLANG_WARN_INFINITE_RECURSION = YES;
				CLANG_WARN_INT_CONVERSION = YES;
				CLANG_WARN_NON_LITERAL_NULL_CONVERSION = YES;
				CLANG_WARN_OBJC_IMPLICIT_RETAIN_SELF = YES;
				CLANG_WARN_OBJC_LITERAL_CONVERSION = YES;
				CLANG_WARN_OBJC_ROOT_CLASS = YES_ERROR;
				CLANG_WARN_QUOTED_INCLUDE_IN_FRAMEWORK_HEADER = YES;
				CLANG_WARN_RANGE_LOOP_ANALYSIS = YES;
				CLANG_WARN_STRICT_PROTOTYPES = YES;
				CLANG_WARN_SUSPICIOUS_MOVE = YES;
				CLANG_WARN_UNGUARDED_AVAILABILITY = YES_AGGRESSIVE;
				CLANG_WARN_UNREACHABLE_CODE = YES;
				CLANG_WARN__DUPLICATE_METHOD_MATCH = YES;
				COPY_PHASE_STRIP = NO;
				DEBUG_INFORMATION_FORMAT = "dwarf-with-dsym";
				ENABLE_NS_ASSERTIONS = NO;
				ENABLE_STRICT_OBJC_MSGSEND = YES;
				ENABLE_USER_SCRIPT_SANDBOXING = YES;
				GCC_C_LANGUAGE_STANDARD = gnu17;
				GCC_NO_COMMON_BLOCKS = YES;
				GCC_WARN_64_TO_32_BIT_CONVERSION = YES;
				GCC_WARN_ABOUT_RETURN_TYPE = YES_ERROR;
				GCC_WARN_UNDECLARED_SELECTOR = YES;
				GCC_WARN_UNINITIALIZED_AUTOS = YES_AGGRESSIVE;
				GCC_WARN_UNUSED_FUNCTION = YES;
				GCC_WARN_UNUSED_VARIABLE = YES;
				IPHONEOS_DEPLOYMENT_TARGET = 18.2;
				LOCALIZATION_PREFERS_STRING_CATALOGS = YES;
				MTL_ENABLE_DEBUG_INFO = NO;
				MTL_FAST_MATH = YES;
				SDKROOT = iphoneos;
				SWIFT_COMPILATION_MODE = wholemodule;
				VALIDATE_PRODUCT = YES;
			};
			name = Release;
		};
/* End XCBuildConfiguration section */

/* Begin XCConfigurationList section */
		C0CD82D92D981DDD002470D9 /* Build configuration list for PBXProject "WorkoutLog" */ = {
			isa = XCConfigurationList;
			buildConfigurations = (
				C0CD82F42D981DDF002470D9 /* Debug */,
				C0CD82F52D981DDF002470D9 /* Release */,
			);
			defaultConfigurationIsVisible = 0;
			defaultConfigurationName = Release;
		};
		C0CD82F12D981DDF002470D9 /* Build configuration list for PBXNativeTarget "WorkoutLog" */ = {
			isa = XCConfigurationList;
			buildConfigurations = (
				C0CD82F22D981DDF002470D9 /* Debug */,
				C0CD82F32D981DDF002470D9 /* Release */,
			);
			defaultConfigurationIsVisible = 0;
			defaultConfigurationName = Release;
		};
/* End XCConfigurationList section */
	};
	rootObject = C0CD82D62D981DDD002470D9 /* Project object */;
}
